
Microsoft Visual Studio Solution File, Format Version 12.00
# Visual Studio Version 17
VisualStudioVersion = 17.0.31903.59
MinimumVisualStudioVersion = 10.0.40219.1
Project("{2150E333-8FDC-42A3-9474-1A3956D46DE8}") = "src", "src", "{8617BC98-5578-4C7D-ABC4-0C74B0539B3F}"
EndProject
Project("{FAE04EC0-301F-11D3-BF4B-00C04F79EFBC}") = "MarketPulse.Domain", "src\MarketPulse.Domain\MarketPulse.Domain.csproj", "{26F03C32-7FB7-461D-B2BD-FA54AC09DE84}"
EndProject
Project("{FAE04EC0-301F-11D3-BF4B-00C04F79EFBC}") = "MarketPulse.Application", "src\MarketPulse.Application\MarketPulse.Application.csproj", "{7379ED43-039C-449B-A16D-1F7C227E4B5C}"
EndProject
Project("{FAE04EC0-301F-11D3-BF4B-00C04F79EFBC}") = "MarketPulse.Infrastructure", "src\MarketPulse.Infrastructure\MarketPulse.Infrastructure.csproj", "{9369A112-5BA6-4B95-9C81-D5819B307505}"
EndProject
Project("{FAE04EC0-301F-11D3-BF4B-00C04F79EFBC}") = "MarketPulse.Api", "src\MarketPulse.Api\MarketPulse.Api.csproj", "{A1912334-08E8-42EF-BB2C-0F882F08A612}"
EndProject
Project("{FAE04EC0-301F-11D3-BF4B-00C04F79EFBC}") = "MarketPulse.Workers", "src\MarketPulse.Workers\MarketPulse.Workers.csproj", "{E5EDD7B5-FE76-4133-8B61-C3E6CEF852A5}"
EndProject
Project("{2150E333-8FDC-42A3-9474-1A3956D46DE8}") = "tests", "tests", "{948C4BEB-84D9-4108-A3AA-F40850C3E09E}"
EndProject
Project("{FAE04EC0-301F-11D3-BF4B-00C04F79EFBC}") = "MarketPulse.UnitTests", "tests\MarketPulse.UnitTests\MarketPulse.UnitTests.csproj", "{78F22A37-4AC4-43B7-AC8D-00F977DC8839}"
EndProject
Global
	GlobalSection(SolutionConfigurationPlatforms) = preSolution
		Debug|Any CPU = Debug|Any CPU
		Release|Any CPU = Release|Any CPU
	EndGlobalSection
	GlobalSection(SolutionProperties) = preSolution
		HideSolutionNode = FALSE
	EndGlobalSection
	GlobalSection(ProjectConfigurationPlatforms) = postSolution
		{26F03C32-7FB7-461D-B2BD-FA54AC09DE84}.Debug|Any CPU.ActiveCfg = Debug|Any CPU
		{26F03C32-7FB7-461D-B2BD-FA54AC09DE84}.Debug|Any CPU.Build.0 = Debug|Any CPU
		{26F03C32-7FB7-461D-B2BD-FA54AC09DE84}.Release|Any CPU.ActiveCfg = Release|Any CPU
		{26F03C32-7FB7-461D-B2BD-FA54AC09DE84}.Release|Any CPU.Build.0 = Release|Any CPU
		{7379ED43-039C-449B-A16D-1F7C227E4B5C}.Debug|Any CPU.ActiveCfg = Debug|Any CPU
		{7379ED43-039C-449B-A16D-1F7C227E4B5C}.Debug|Any CPU.Build.0 = Debug|Any CPU
		{7379ED43-039C-449B-A16D-1F7C227E4B5C}.Release|Any CPU.ActiveCfg = Release|Any CPU
		{7379ED43-039C-449B-A16D-1F7C227E4B5C}.Release|Any CPU.Build.0 = Release|Any CPU
		{9369A112-5BA6-4B95-9C81-D5819B307505}.Debug|Any CPU.ActiveCfg = Debug|Any CPU
		{9369A112-5BA6-4B95-9C81-D5819B307505}.Debug|Any CPU.Build.0 = Debug|Any CPU
		{9369A112-5BA6-4B95-9C81-D5819B307505}.Release|Any CPU.ActiveCfg = Release|Any CPU
		{9369A112-5BA6-4B95-9C81-D5819B307505}.Release|Any CPU.Build.0 = Release|Any CPU
		{A1912334-08E8-42EF-BB2C-0F882F08A612}.Debug|Any CPU.ActiveCfg = Debug|Any CPU
		{A1912334-08E8-42EF-BB2C-0F882F08A612}.Debug|Any CPU.Build.0 = Debug|Any CPU
		{A1912334-08E8-42EF-BB2C-0F882F08A612}.Release|Any CPU.ActiveCfg = Release|Any CPU
		{A1912334-08E8-42EF-BB2C-0F882F08A612}.Release|Any CPU.Build.0 = Release|Any CPU
		{E5EDD7B5-FE76-4133-8B61-C3E6CEF852A5}.Debug|Any CPU.ActiveCfg = Debug|Any CPU
		{E5EDD7B5-FE76-4133-8B61-C3E6CEF852A5}.Debug|Any CPU.Build.0 = Debug|Any CPU
		{E5EDD7B5-FE76-4133-8B61-C3E6CEF852A5}.Release|Any CPU.ActiveCfg = Release|Any CPU
		{E5EDD7B5-FE76-4133-8B61-C3E6CEF852A5}.Release|Any CPU.Build.0 = Release|Any CPU
		{78F22A37-4AC4-43B7-AC8D-00F977DC8839}.Debug|Any CPU.ActiveCfg = Debug|Any CPU
		{78F22A37-4AC4-43B7-AC8D-00F977DC8839}.Debug|Any CPU.Build.0 = Debug|Any CPU
		{78F22A37-4AC4-43B7-AC8D-00F977DC8839}.Release|Any CPU.ActiveCfg = Release|Any CPU
		{78F22A37-4AC4-43B7-AC8D-00F977DC8839}.Release|Any CPU.Build.0 = Release|Any CPU
	EndGlobalSection
	GlobalSection(NestedProjects) = preSolution
		{26F03C32-7FB7-461D-B2BD-FA54AC09DE84} = {8617BC98-5578-4C7D-ABC4-0C74B0539B3F}
		{7379ED43-039C-449B-A16D-1F7C227E4B5C} = {8617BC98-5578-4C7D-ABC4-0C74B0539B3F}
		{9369A112-5BA6-4B95-9C81-D5819B307505} = {8617BC98-5578-4C7D-ABC4-0C74B0539B3F}
		{A1912334-08E8-42EF-BB2C-0F882F08A612} = {8617BC98-5578-4C7D-ABC4-0C74B0539B3F}
		{E5EDD7B5-FE76-4133-8B61-C3E6CEF852A5} = {8617BC98-5578-4C7D-ABC4-0C74B0539B3F}
		{78F22A37-4AC4-43B7-AC8D-00F977DC8839} = {948C4BEB-84D9-4108-A3AA-F40850C3E09E}
	EndGlobalSection
EndGlobal
